<?xml version="1.0" encoding="utf-8"?>
<Project ToolsVersion="4.0" xmlns="http://schemas.microsoft.com/developer/msbuild/2003">
  <ItemGroup>
    <Filter Include="Components">
      <UniqueIdentifier>{2b4f74d0-5845-4223-9179-54e3e088ee29}</UniqueIdentifier>
    </Filter>
    <Filter Include="Systems">
      <UniqueIdentifier>{aef193da-cdfc-4f1f-8e1e-dd2e1c563231}</UniqueIdentifier>
    </Filter>
    <Filter Include="Common">
      <UniqueIdentifier>{f775c2d6-7bfe-44e0-9eac-48284d8d70e3}</UniqueIdentifier>
    </Filter>
    <Filter Include="Resource Files">
      <UniqueIdentifier>{67DA6AB6-F800-4c08-8B7A-83BB121AAD01}</UniqueIdentifier>
      <Extensions>rc;ico;cur;bmp;dlg;rc2;rct;bin;rgs;gif;jpg;jpeg;jpe;resx;tiff;tif;png;wav;mfcribbon-ms</Extensions>
    </Filter>
  </ItemGroup>
  <ItemGroup>
    <ClCompile Include="src\components\AnimationComponent.cpp">
      <Filter>Components</Filter>
    </ClCompile>
    <ClCompile Include="src\components\ComponentFabric.cpp">
      <Filter>Components</Filter>
    </ClCompile>
    <ClCompile Include="src\components\IComponent.cpp">
      <Filter>Components</Filter>
    </ClCompile>
    <ClCompile Include="src\components\MovementComponent.cpp">
      <Filter>Components</Filter>
    </ClCompile>
    <ClCompile Include="src\components\PlatformerController.cpp">
      <Filter>Components</Filter>
    </ClCompile>
    <ClCompile Include="src\components\PlatformerPhysicsComponent.cpp">
      <Filter>Components</Filter>
    </ClCompile>
    <ClCompile Include="src\components\TransformComponent.cpp">
      <Filter>Components</Filter>
    </ClCompile>
    <ClCompile Include="src\systems\PhysicsSystem.cpp">
      <Filter>Systems</Filter>
    </ClCompile>
    <ClCompile Include="src\systems\RenderingSystem.cpp">
      <Filter>Systems</Filter>
    </ClCompile>
    <ClCompile Include="src\systems\InputSystem.cpp">
      <Filter>Systems</Filter>
    </ClCompile>
    <ClCompile Include="src\common\Game.cpp">
      <Filter>Common</Filter>
    </ClCompile>
    <ClCompile Include="src\common\GameObject.cpp">
      <Filter>Common</Filter>
    </ClCompile>
    <ClCompile Include="src\common\main.cpp">
      <Filter>Common</Filter>
    </ClCompile>
    <ClCompile Include="src\components\SpriteComponent.cpp">
      <Filter>Components</Filter>
    </ClCompile>
    <ClCompile Include="src\components\GameObjectFabric.cpp">
      <Filter>Components</Filter>
    </ClCompile>
    <ClCompile Include="src\systems\ScriptSystem.cpp">
      <Filter>Systems</Filter>
    </ClCompile>
    <ClCompile Include="src\components\ScriptComponent.cpp">
      <Filter>Components</Filter>
    </ClCompile>
  </ItemGroup>
  <ItemGroup>
    <ClInclude Include="src\components\AnimationComponent.h">
      <Filter>Components</Filter>
    </ClInclude>
    <ClInclude Include="src\components\ComponentFabric.h">
      <Filter>Components</Filter>
    </ClInclude>
    <ClInclude Include="src\components\ComponentHandle.h">
      <Filter>Components</Filter>
    </ClInclude>
    <ClInclude Include="src\components\IComponent.h">
      <Filter>Components</Filter>
    </ClInclude>
    <ClInclude Include="src\components\MovementComponent.h">
      <Filter>Components</Filter>
    </ClInclude>
    <ClInclude Include="src\components\PlatformerController.h">
      <Filter>Components</Filter>
    </ClInclude>
    <ClInclude Include="src\components\PlatformerPhysicsComponent.h">
      <Filter>Components</Filter>
    </ClInclude>
    <ClInclude Include="src\components\TransformComponent.h">
      <Filter>Components</Filter>
    </ClInclude>
    <ClInclude Include="src\systems\ISystem.h">
      <Filter>Systems</Filter>
    </ClInclude>
    <ClInclude Include="src\systems\PhysicsSystem.h">
      <Filter>Systems</Filter>
    </ClInclude>
    <ClInclude Include="src\systems\RenderingSystem.h">
      <Filter>Systems</Filter>
    </ClInclude>
    <ClInclude Include="src\systems\InputSystem.h">
      <Filter>Systems</Filter>
    </ClInclude>
    <ClInclude Include="src\common\Enums.h">
      <Filter>Common</Filter>
    </ClInclude>
    <ClInclude Include="src\common\Game.h">
      <Filter>Common</Filter>
    </ClInclude>
    <ClInclude Include="src\common\GameObject.h">
      <Filter>Common</Filter>
    </ClInclude>
    <ClInclude Include="src\common\Vector2.h">
      <Filter>Common</Filter>
    </ClInclude>
    <ClInclude Include="src\components\SpriteComponent.h">
      <Filter>Components</Filter>
    </ClInclude>
    <ClInclude Include="src\components\GameObjectFabric.h">
      <Filter>Components</Filter>
    </ClInclude>
    <ClInclude Include="src\systems\ScriptSystem.h">
      <Filter>Systems</Filter>
    </ClInclude>
    <ClInclude Include="src\components\ScriptComponent.h">
      <Filter>Components</Filter>
    </ClInclude>
  </ItemGroup>
  <ItemGroup>
    <None Include="src\common\Vector2.inl">
      <Filter>Common</Filter>
    </None>
    <None Include="ClassDiagram.cd" />
  </ItemGroup>
</Project>